
Microsoft Visual Studio Solution File, Format Version 12.00
# Visual Studio 2013
VisualStudioVersion = 12.0.30501.0
MinimumVisualStudioVersion = 10.0.40219.1
Project("{FAE04EC0-301F-11D3-BF4B-00C04F79EFBC}") = "mcChunkExporter", "mcChunkExporter.csproj", "{9955F677-53D5-4103-B1DA-5FAE0D1FF6C8}"
EndProject
Project("{FAE04EC0-301F-11D3-BF4B-00C04F79EFBC}") = "FaceCruncher", "..\FaceCruncher\FaceCruncher.csproj", "{C80626F4-EE89-4D05-9531-0A185F7FBFF6}"
EndProject
Global
	GlobalSection(SolutionConfigurationPlatforms) = preSolution
		Debug|Any CPU = Debug|Any CPU
		Release|Any CPU = Release|Any CPU
	EndGlobalSection
	GlobalSection(ProjectConfigurationPlatforms) = postSolution
		{9955F677-53D5-4103-B1DA-5FAE0D1FF6C8}.Debug|Any CPU.ActiveCfg = Debug|Any CPU
		{9955F677-53D5-4103-B1DA-5FAE0D1FF6C8}.Debug|Any CPU.Build.0 = Debug|Any CPU
		{9955F677-53D5-4103-B1DA-5FAE0D1FF6C8}.Release|Any CPU.ActiveCfg = Release|Any CPU
		{9955F677-53D5-4103-B1DA-5FAE0D1FF6C8}.Release|Any CPU.Build.0 = Release|Any CPU
		{C80626F4-EE89-4D05-9531-0A185F7FBFF6}.Debug|Any CPU.ActiveCfg = Debug|Any CPU
		{C80626F4-EE89-4D05-9531-0A185F7FBFF6}.Debug|Any CPU.Build.0 = Debug|Any CPU
		{C80626F4-EE89-4D05-9531-0A185F7FBFF6}.Release|Any CPU.ActiveCfg = Release|Any CPU
		{C80626F4-EE89-4D05-9531-0A185F7FBFF6}.Release|Any CPU.Build.0 = Release|Any CPU
	EndGlobalSection
	GlobalSection(SolutionProperties) = preSolution
		HideSolutionNode = FALSE
	EndGlobalSection
EndGlobal
